# THIS IS AN AUTOGENERATED FILE. DO NOT EDIT THIS FILE DIRECTLY.
# yarn lockfile v1


"@tauri-apps/cli-darwin-arm64@2.0.0-rc.18":
  version "2.0.0-rc.18"
  resolved "https://registry.yarnpkg.com/@tauri-apps/cli-darwin-arm64/-/cli-darwin-arm64-2.0.0-rc.18.tgz#9981c87be1b855efbcee23f657080ff713b7dabd"
  integrity sha512-L2/VQ4q1pZyhqOifarVDJf/+JabU6DSUMj6979wXrUOOxmyfLCZaw5qGGsbirYOfxWMo+qcXEFRF411YIv9qWw==

"@tauri-apps/cli-darwin-x64@2.0.0-rc.18":
  version "2.0.0-rc.18"
  resolved "https://registry.yarnpkg.com/@tauri-apps/cli-darwin-x64/-/cli-darwin-x64-2.0.0-rc.18.tgz#ce4b27481313b53863dfb5487ad0df4c13e28bba"
  integrity sha512-ri0NrRAh2CqejoKym67m9Devpqppnn4SrwWnuqV68oHXan3ibn2CeY+g3ygkb6Ch0v5ZcbxJEtop5fZwUTFH4w==

"@tauri-apps/cli-linux-arm-gnueabihf@2.0.0-rc.18":
  version "2.0.0-rc.18"
  resolved "https://registry.yarnpkg.com/@tauri-apps/cli-linux-arm-gnueabihf/-/cli-linux-arm-gnueabihf-2.0.0-rc.18.tgz#1305999e9333ded9e8db0b961fd177cf5ed0fd02"
  integrity sha512-+dDZQIHXufqq3WVrKycudVeJa8xfRzIY2XHSYunWS5RMRx1PrcvLbZLBcm3BMtwuY9pwbzrpDHL4K/1+Maj4JQ==

"@tauri-apps/cli-linux-arm64-gnu@2.0.0-rc.18":
  version "2.0.0-rc.18"
  resolved "https://registry.yarnpkg.com/@tauri-apps/cli-linux-arm64-gnu/-/cli-linux-arm64-gnu-2.0.0-rc.18.tgz#56b4464d486472c8490f6ff60b0004006c3623f9"
  integrity sha512-pti3FmMAJKArbr8FyoU8eFbcRHRcFRaD16crjNfXfGFGUGNXeMcrAAZptDpGZ9fPfMYBQYzUN/uKqHvrlrYFIw==

"@tauri-apps/cli-linux-arm64-musl@2.0.0-rc.18":
  version "2.0.0-rc.18"
  resolved "https://registry.yarnpkg.com/@tauri-apps/cli-linux-arm64-musl/-/cli-linux-arm64-musl-2.0.0-rc.18.tgz#8ee3a94b75d1aa1c896a9eafa15a60b0b10940a1"
  integrity sha512-1e+h543bXRnLLhUwhglnnH6eN4dgtbxKS48oHsBCpLEqLNrovHTHEd1xSZgUAEOh9J9hpIh6Bme7loCwOps9ZQ==

"@tauri-apps/cli-linux-x64-gnu@2.0.0-rc.18":
  version "2.0.0-rc.18"
  resolved "https://registry.yarnpkg.com/@tauri-apps/cli-linux-x64-gnu/-/cli-linux-x64-gnu-2.0.0-rc.18.tgz#dd5b0aaa0f8834015d943b6e6c5a1ad503f14d34"
  integrity sha512-5lwBuY06s5J1iCOZq+hM6spBhaGejkh8zn8HdVjnL0mqZ+cH/qbC1Uss6HO/gC1Q53JQFoYeam2P2/8UuNjlHQ==

"@tauri-apps/cli-linux-x64-musl@2.0.0-rc.18":
  version "2.0.0-rc.18"
  resolved "https://registry.yarnpkg.com/@tauri-apps/cli-linux-x64-musl/-/cli-linux-x64-musl-2.0.0-rc.18.tgz#fd7892483b5c823dd47ff97bce2f0b5f95524149"
  integrity sha512-jtJ1EP6GhW258MKujampDbPWX+El26m8yGBzEcZxurrhFvN8d3QHgle4eT/cgqlVT+AZ9DVrhDwTfXilGjERZA==

"@tauri-apps/cli-win32-arm64-msvc@2.0.0-rc.18":
  version "2.0.0-rc.18"
  resolved "https://registry.yarnpkg.com/@tauri-apps/cli-win32-arm64-msvc/-/cli-win32-arm64-msvc-2.0.0-rc.18.tgz#dd215d362c311261c57624afe6e0bdc166166d62"
  integrity sha512-E9PSjWwvUnhnW/wjXti0UQgXDYLTUBKWtT2yOS2dXLspmvh1vwdRgZn/AjhjMM2HwZzhBW94Qys06mQAz6z2vg==

"@tauri-apps/cli-win32-ia32-msvc@2.0.0-rc.18":
  version "2.0.0-rc.18"
  resolved "https://registry.yarnpkg.com/@tauri-apps/cli-win32-ia32-msvc/-/cli-win32-ia32-msvc-2.0.0-rc.18.tgz#1cdf435b7fa02e2e35d0ee326b5ea5f1fcdd46f8"
  integrity sha512-I+r88I/Dyqex7oV1NOtW3kxYoRegjxtQrQLILGsn6xcirTERnX0pPl1GYW5ooTxvs/H+qt4tuW5iL8Fp1lpmuQ==

"@tauri-apps/cli-win32-x64-msvc@2.0.0-rc.18":
  version "2.0.0-rc.18"
  resolved "https://registry.yarnpkg.com/@tauri-apps/cli-win32-x64-msvc/-/cli-win32-x64-msvc-2.0.0-rc.18.tgz#0aa1adaf306f7f0aa5ebea00371e6d3b9159a2ec"
  integrity sha512-IEl0dDc10ln1rt2SGoNxKiYJIDS/fBsS1hTKT4cfZeeKCgHOqMqpdGq25RaVmkkk0UhW/9WeyjxIyFGO3ll4TA==

"@tauri-apps/cli@^2.0.0-rc.18":
  version "2.0.0-rc.18"
  resolved "https://registry.yarnpkg.com/@tauri-apps/cli/-/cli-2.0.0-rc.18.tgz#400ece27017950c6f7e69d28d376f75face939d4"
  integrity sha512-43PjSEISHI3uH2jyR7QlEJUv1yQYlCOvm5eEdadhHIooV5Dqjs6zkddwEJuHYRpSLI/IfiQ8VPBYrw/GfyvhCA==
  optionalDependencies:
    "@tauri-apps/cli-darwin-arm64" "2.0.0-rc.18"
    "@tauri-apps/cli-darwin-x64" "2.0.0-rc.18"
    "@tauri-apps/cli-linux-arm-gnueabihf" "2.0.0-rc.18"
    "@tauri-apps/cli-linux-arm64-gnu" "2.0.0-rc.18"
    "@tauri-apps/cli-linux-arm64-musl" "2.0.0-rc.18"
    "@tauri-apps/cli-linux-x64-gnu" "2.0.0-rc.18"
    "@tauri-apps/cli-linux-x64-musl" "2.0.0-rc.18"
    "@tauri-apps/cli-win32-arm64-msvc" "2.0.0-rc.18"
    "@tauri-apps/cli-win32-ia32-msvc" "2.0.0-rc.18"
    "@tauri-apps/cli-win32-x64-msvc" "2.0.0-rc.18"
